
Microsoft Visual Studio Solution File, Format Version 12.00
# Visual Studio Version 17
VisualStudioVersion = 17.11.35327.3
MinimumVisualStudioVersion = 10.0.40219.1
Project("{FAE04EC0-301F-11D3-BF4B-00C04F79EFBC}") = "Obligatorio2", "Obligatorio2\Obligatorio2.csproj", "{20FA2E93-20CD-4C31-B9CA-6FEB4C28EE43}"
EndProject
Global
	GlobalSection(SolutionConfigurationPlatforms) = preSolution
		Debug|Any CPU = Debug|Any CPU
		Release|Any CPU = Release|Any CPU
	EndGlobalSection
	GlobalSection(ProjectConfigurationPlatforms) = postSolution
		{20FA2E93-20CD-4C31-B9CA-6FEB4C28EE43}.Debug|Any CPU.ActiveCfg = Debug|Any CPU
		{20FA2E93-20CD-4C31-B9CA-6FEB4C28EE43}.Debug|Any CPU.Build.0 = Debug|Any CPU
		{20FA2E93-20CD-4C31-B9CA-6FEB4C28EE43}.Release|Any CPU.ActiveCfg = Release|Any CPU
		{20FA2E93-20CD-4C31-B9CA-6FEB4C28EE43}.Release|Any CPU.Build.0 = Release|Any CPU
	EndGlobalSection
	GlobalSection(SolutionProperties) = preSolution
		HideSolutionNode = FALSE
	EndGlobalSection
	GlobalSection(ExtensibilityGlobals) = postSolution
		SolutionGuid = {354DCC5C-519A-4306-B6F0-EEE2FE038DE4}
	EndGlobalSection
EndGlobal
